
Microsoft Visual Studio Solution File, Format Version 12.00
# Visual Studio Version 17
VisualStudioVersion = 17.7.34024.191
MinimumVisualStudioVersion = 10.0.40219.1
Project("{9A19103F-16F7-4668-BE54-9A1E7A4F7556}") = "Online-Shop", "Online-Shop.csproj", "{235742A8-4297-49E3-A3C5-20224A0A1A8E}"
EndProject
Project("{FAE04EC0-301F-11D3-BF4B-00C04F79EFBC}") = "Online-ShopUnitTests", "..\Online-ShopUnitTests\Online-ShopUnitTests.csproj", "{BF03B273-84C1-4679-A4E8-1C37F31E454D}"
EndProject
Global
	GlobalSection(SolutionConfigurationPlatforms) = preSolution
		Debug|Any CPU = Debug|Any CPU
		Release|Any CPU = Release|Any CPU
	EndGlobalSection
	GlobalSection(ProjectConfigurationPlatforms) = postSolution
		{235742A8-4297-49E3-A3C5-20224A0A1A8E}.Debug|Any CPU.ActiveCfg = Debug|Any CPU
		{235742A8-4297-49E3-A3C5-20224A0A1A8E}.Debug|Any CPU.Build.0 = Debug|Any CPU
		{235742A8-4297-49E3-A3C5-20224A0A1A8E}.Release|Any CPU.ActiveCfg = Release|Any CPU
		{235742A8-4297-49E3-A3C5-20224A0A1A8E}.Release|Any CPU.Build.0 = Release|Any CPU
		{BF03B273-84C1-4679-A4E8-1C37F31E454D}.Debug|Any CPU.ActiveCfg = Debug|Any CPU
		{BF03B273-84C1-4679-A4E8-1C37F31E454D}.Debug|Any CPU.Build.0 = Debug|Any CPU
		{BF03B273-84C1-4679-A4E8-1C37F31E454D}.Release|Any CPU.ActiveCfg = Release|Any CPU
		{BF03B273-84C1-4679-A4E8-1C37F31E454D}.Release|Any CPU.Build.0 = Release|Any CPU
	EndGlobalSection
	GlobalSection(SolutionProperties) = preSolution
		HideSolutionNode = FALSE
	EndGlobalSection
	GlobalSection(ExtensibilityGlobals) = postSolution
		SolutionGuid = {EFEB384F-4FE9-4284-B55F-F78E22EC9152}
	EndGlobalSection
EndGlobal
